# This file is automatically @generated by Cargo.
# It is not intended for manual editing.
version = 3

[[package]]
name = "about-this-linux-cli"
version = "0.1.0"
dependencies = [
 "cpuid",
 "lxinfo",
]

[[package]]
name = "byte-unit"
version = "4.0.19"
source = "registry+https://github.com/rust-lang/crates.io-index"
checksum = "da78b32057b8fdfc352504708feeba7216dcd65a2c9ab02978cbd288d1279b6c"
dependencies = [
 "serde",
 "utf8-width",
]

[[package]]
name = "cpuid"
version = "0.1.1"
source = "registry+https://github.com/rust-lang/crates.io-index"
checksum = "a0c4b055219ace68cabfbb8071c4aad068565d11b67e092e151b17b9fd3bdba9"
dependencies = [
 "libc",
]

[[package]]
name = "libc"
version = "0.2.141"
source = "registry+https://github.com/rust-lang/crates.io-index"
checksum = "3304a64d199bb964be99741b7a14d26972741915b3649639149b2479bb46f4b5"

[[package]]
name = "lxinfo"
version = "0.1.2"
source = "git+https://github.com/vars1ty/lxinfo.git#1f9a7d0adb7cb6720db55d5effb1eef7e8431e28"
dependencies = [
 "byte-unit",
 "libc",
]

[[package]]
name = "serde"
version = "1.0.159"
source = "registry+https://github.com/rust-lang/crates.io-index"
checksum = "3c04e8343c3daeec41f58990b9d77068df31209f2af111e059e9fe9646693065"

[[package]]
name = "utf8-width"
version = "0.1.6"
source = "registry+https://github.com/rust-lang/crates.io-index"
checksum = "5190c9442dcdaf0ddd50f37420417d219ae5261bbf5db120d0f9bab996c9cba1"
